
Microsoft Visual Studio Solution File, Format Version 12.00
# Visual Studio Version 16
VisualStudioVersion = 16.0.32802.440
MinimumVisualStudioVersion = 10.0.40219.1
Project("{FAE04EC0-301F-11D3-BF4B-00C04F79EFBC}") = "7.7FinalProject", "7.7FinalProject\7.7FinalProject.csproj", "{38D7BF15-C965-4E51-BC5B-82EB394A0FFD}"
EndProject
Global
	GlobalSection(SolutionConfigurationPlatforms) = preSolution
		Debug|Any CPU = Debug|Any CPU
		Release|Any CPU = Release|Any CPU
	EndGlobalSection
	GlobalSection(ProjectConfigurationPlatforms) = postSolution
		{38D7BF15-C965-4E51-BC5B-82EB394A0FFD}.Debug|Any CPU.ActiveCfg = Debug|Any CPU
		{38D7BF15-C965-4E51-BC5B-82EB394A0FFD}.Debug|Any CPU.Build.0 = Debug|Any CPU
		{38D7BF15-C965-4E51-BC5B-82EB394A0FFD}.Release|Any CPU.ActiveCfg = Release|Any CPU
		{38D7BF15-C965-4E51-BC5B-82EB394A0FFD}.Release|Any CPU.Build.0 = Release|Any CPU
	EndGlobalSection
	GlobalSection(SolutionProperties) = preSolution
		HideSolutionNode = FALSE
	EndGlobalSection
	GlobalSection(ExtensibilityGlobals) = postSolution
		SolutionGuid = {FA14CA95-9476-4A7A-8379-87EE7BADD848}
	EndGlobalSection
EndGlobal
